{
  "name": "tsuzuri",
  "version": "0.1.0",
  "lockfileVersion": 3,
  "requires": true,
  "packages": {
    "": {
      "name": "tsuzuri",
      "version": "0.1.0",
      "dependencies": {
        "exifr": "^7.1.3",
        "opencc-js": "^1.4.0"
      },
      "bin": {
        "tsuzuri": "tsuzuri.mjs"
      }
    },
    "node_modules/exifr": {
      "version": "7.1.3",
      "resolved": "https://registry.npmmirror.com/exifr/-/exifr-7.1.3.tgz",
      "integrity": "sha512-g/aje2noHivrRSLbAUtBPWFbxKdKhgj/xr1vATDdUXPOFYJlQ62Ft0oy+72V6XLIpDJfHs6gXLbBLAolqOXYRw==",
      "license": "MIT"
    },
    "node_modules/opencc-js": {
      "version": "1.4.0",
      "resolved": "https://registry.npmmirror.com/opencc-js/-/opencc-js-1.4.0.tgz",
      "integrity": "sha512-SEb4huI5+lT4CFPA4sgs+NAOOgpcmdHZ+vYxhRLR1bQWIt6VRwpFPjWgTJAWAg1MviDcXTBe5zVoUOVxVxNK8w==",
      "license": "MIT AND Apache-2.0"
    }
  }
}
